
Microsoft Visual Studio Solution File, Format Version 12.00
Project("{FAE04EC0-301F-11D3-BF4B-00C04F79EFBC}") = "Starfield", "Starfield\Starfield.csproj", "{4AB4284B-FD7C-4A49-BF44-D0506DEC2E93}"
EndProject
Global
	GlobalSection(SolutionConfigurationPlatforms) = preSolution
		Debug|Any CPU = Debug|Any CPU
		Release|Any CPU = Release|Any CPU
	EndGlobalSection
	GlobalSection(ProjectConfigurationPlatforms) = postSolution
		{4AB4284B-FD7C-4A49-BF44-D0506DEC2E93}.Debug|Any CPU.ActiveCfg = Debug|Any CPU
		{4AB4284B-FD7C-4A49-BF44-D0506DEC2E93}.Debug|Any CPU.Build.0 = Debug|Any CPU
		{4AB4284B-FD7C-4A49-BF44-D0506DEC2E93}.Release|Any CPU.ActiveCfg = Release|Any CPU
		{4AB4284B-FD7C-4A49-BF44-D0506DEC2E93}.Release|Any CPU.Build.0 = Release|Any CPU
	EndGlobalSection
EndGlobal
